
Microsoft Visual Studio Solution File, Format Version 12.00
# Visual Studio Version 17
VisualStudioVersion = 17.3.32901.215
MinimumVisualStudioVersion = 10.0.40219.1
Project("{FAE04EC0-301F-11D3-BF4B-00C04F79EFBC}") = "LagLibreary", "LagLibreary\LagLibreary.csproj", "{87DB8E1C-56CE-4C59-8A2F-D87E3BB77175}"
EndProject
Project("{FAE04EC0-301F-11D3-BF4B-00C04F79EFBC}") = "TestDLL", "TestDLL\TestDLL.csproj", "{21988FD4-C5FE-43EC-B847-C679466C4C7E}"
EndProject
Global
	GlobalSection(SolutionConfigurationPlatforms) = preSolution
		Debug|Any CPU = Debug|Any CPU
		Release|Any CPU = Release|Any CPU
	EndGlobalSection
	GlobalSection(ProjectConfigurationPlatforms) = postSolution
		{87DB8E1C-56CE-4C59-8A2F-D87E3BB77175}.Debug|Any CPU.ActiveCfg = Debug|Any CPU
		{87DB8E1C-56CE-4C59-8A2F-D87E3BB77175}.Debug|Any CPU.Build.0 = Debug|Any CPU
		{87DB8E1C-56CE-4C59-8A2F-D87E3BB77175}.Release|Any CPU.ActiveCfg = Release|Any CPU
		{87DB8E1C-56CE-4C59-8A2F-D87E3BB77175}.Release|Any CPU.Build.0 = Release|Any CPU
		{21988FD4-C5FE-43EC-B847-C679466C4C7E}.Debug|Any CPU.ActiveCfg = Debug|Any CPU
		{21988FD4-C5FE-43EC-B847-C679466C4C7E}.Debug|Any CPU.Build.0 = Debug|Any CPU
		{21988FD4-C5FE-43EC-B847-C679466C4C7E}.Release|Any CPU.ActiveCfg = Release|Any CPU
		{21988FD4-C5FE-43EC-B847-C679466C4C7E}.Release|Any CPU.Build.0 = Release|Any CPU
	EndGlobalSection
	GlobalSection(SolutionProperties) = preSolution
		HideSolutionNode = FALSE
	EndGlobalSection
	GlobalSection(ExtensibilityGlobals) = postSolution
		SolutionGuid = {D6033D42-84A2-4ED5-841C-10511BE06AD1}
	EndGlobalSection
EndGlobal
